
Microsoft Visual Studio Solution File, Format Version 12.00
# Visual Studio Version 16
VisualStudioVersion = 16.0.31729.503
MinimumVisualStudioVersion = 10.0.40219.1
Project("{FAE04EC0-301F-11D3-BF4B-00C04F79EFBC}") = "Lab_5", "Lab_5\Lab_5.csproj", "{1FA5AA37-DA4B-4944-A7C6-B99F7AAD3D1F}"
EndProject
Project("{FAE04EC0-301F-11D3-BF4B-00C04F79EFBC}") = "Lab_1", "Lab_1\Lab_1.csproj", "{76FB8212-24C8-4EDD-9508-942BF467936C}"
EndProject
Project("{FAE04EC0-301F-11D3-BF4B-00C04F79EFBC}") = "Lab_3", "Lab_3\Lab_3.csproj", "{BED65F5D-6C10-4828-BA83-0AC14F510F6A}"
EndProject
Project("{FAE04EC0-301F-11D3-BF4B-00C04F79EFBC}") = "Lab_2", "Lab_2\Lab_2.csproj", "{2078FC40-2236-402F-931B-CD53DE17E3AB}"
EndProject
Project("{FAE04EC0-301F-11D3-BF4B-00C04F79EFBC}") = "Lab_4", "Lab_4\Lab_4.csproj", "{BF5DFD9E-68DD-48DB-A0DE-29190A27CEA6}"
EndProject
Global
	GlobalSection(SolutionConfigurationPlatforms) = preSolution
		Debug|Any CPU = Debug|Any CPU
		Release|Any CPU = Release|Any CPU
	EndGlobalSection
	GlobalSection(ProjectConfigurationPlatforms) = postSolution
		{1FA5AA37-DA4B-4944-A7C6-B99F7AAD3D1F}.Debug|Any CPU.ActiveCfg = Debug|Any CPU
		{1FA5AA37-DA4B-4944-A7C6-B99F7AAD3D1F}.Debug|Any CPU.Build.0 = Debug|Any CPU
		{1FA5AA37-DA4B-4944-A7C6-B99F7AAD3D1F}.Release|Any CPU.ActiveCfg = Release|Any CPU
		{1FA5AA37-DA4B-4944-A7C6-B99F7AAD3D1F}.Release|Any CPU.Build.0 = Release|Any CPU
		{76FB8212-24C8-4EDD-9508-942BF467936C}.Debug|Any CPU.ActiveCfg = Debug|Any CPU
		{76FB8212-24C8-4EDD-9508-942BF467936C}.Debug|Any CPU.Build.0 = Debug|Any CPU
		{76FB8212-24C8-4EDD-9508-942BF467936C}.Release|Any CPU.ActiveCfg = Release|Any CPU
		{76FB8212-24C8-4EDD-9508-942BF467936C}.Release|Any CPU.Build.0 = Release|Any CPU
		{BED65F5D-6C10-4828-BA83-0AC14F510F6A}.Debug|Any CPU.ActiveCfg = Debug|Any CPU
		{BED65F5D-6C10-4828-BA83-0AC14F510F6A}.Debug|Any CPU.Build.0 = Debug|Any CPU
		{BED65F5D-6C10-4828-BA83-0AC14F510F6A}.Release|Any CPU.ActiveCfg = Release|Any CPU
		{BED65F5D-6C10-4828-BA83-0AC14F510F6A}.Release|Any CPU.Build.0 = Release|Any CPU
		{2078FC40-2236-402F-931B-CD53DE17E3AB}.Debug|Any CPU.ActiveCfg = Debug|Any CPU
		{2078FC40-2236-402F-931B-CD53DE17E3AB}.Debug|Any CPU.Build.0 = Debug|Any CPU
		{2078FC40-2236-402F-931B-CD53DE17E3AB}.Release|Any CPU.ActiveCfg = Release|Any CPU
		{2078FC40-2236-402F-931B-CD53DE17E3AB}.Release|Any CPU.Build.0 = Release|Any CPU
		{BF5DFD9E-68DD-48DB-A0DE-29190A27CEA6}.Debug|Any CPU.ActiveCfg = Debug|Any CPU
		{BF5DFD9E-68DD-48DB-A0DE-29190A27CEA6}.Debug|Any CPU.Build.0 = Debug|Any CPU
		{BF5DFD9E-68DD-48DB-A0DE-29190A27CEA6}.Release|Any CPU.ActiveCfg = Release|Any CPU
		{BF5DFD9E-68DD-48DB-A0DE-29190A27CEA6}.Release|Any CPU.Build.0 = Release|Any CPU
	EndGlobalSection
	GlobalSection(SolutionProperties) = preSolution
		HideSolutionNode = FALSE
	EndGlobalSection
	GlobalSection(ExtensibilityGlobals) = postSolution
		SolutionGuid = {511C197C-B04D-45A8-9603-ECC4EF5BD31B}
	EndGlobalSection
EndGlobal
